// !$*UTF8*$!
{
	archiveVersion = 1;
	classes = {
	};
	objectVersion = 55;
	objects = {

/* Begin PBXBuildFile section */
		A3B750732B9F1F5C005B24C7 /* Grocery_AppApp.swift in Sources */ = {isa = PBXBuildFile; fileRef = A3B750722B9F1F5C005B24C7 /* Grocery_AppApp.swift */; };
		A3B750752B9F1F5C005B24C7 /* ContentView.swift in Sources */ = {isa = PBXBuildFile; fileRef = A3B750742B9F1F5C005B24C7 /* ContentView.swift */; };
		A3B750772B9F1F5E005B24C7 /* Assets.xcassets in Resources */ = {isa = PBXBuildFile; fileRef = A3B750762B9F1F5E005B24C7 /* Assets.xcassets */; };
		A3B7507A2B9F1F5E005B24C7 /* Preview Assets.xcassets in Resources */ = {isa = PBXBuildFile; fileRef = A3B750792B9F1F5E005B24C7 /* Preview Assets.xcassets */; };
		A3B750812B9F24CC005B24C7 /* Shop.swift in Sources */ = {isa = PBXBuildFile; fileRef = A3B750802B9F24CC005B24C7 /* Shop.swift */; };
		A3B750832B9F274F005B24C7 /* Shopitem.swift in Sources */ = {isa = PBXBuildFile; fileRef = A3B750822B9F274F005B24C7 /* Shopitem.swift */; };
		A3B750852B9F2F5D005B24C7 /* Data.swift in Sources */ = {isa = PBXBuildFile; fileRef = A3B750842B9F2F5D005B24C7 /* Data.swift */; };
		A3BECD2B2BA00E9C00A8E7D8 /* Cart.swift in Sources */ = {isa = PBXBuildFile; fileRef = A3BECD2A2BA00E9C00A8E7D8 /* Cart.swift */; };
/* End PBXBuildFile section */

/* Begin PBXFileReference section */
		A3B7506F2B9F1F5C005B24C7 /* Grocery_App.app */ = {isa = PBXFileReference; explicitFileType = wrapper.application; includeInIndex = 0; path = Grocery_App.app; sourceTree = BUILT_PRODUCTS_DIR; };
		A3B750722B9F1F5C005B24C7 /* Grocery_AppApp.swift */ = {isa = PBXFileReference; lastKnownFileType = sourcecode.swift; path = Grocery_AppApp.swift; sourceTree = "<group>"; };
		A3B750742B9F1F5C005B24C7 /* ContentView.swift */ = {isa = PBXFileReference; lastKnownFileType = sourcecode.swift; path = ContentView.swift; sourceTree = "<group>"; };
		A3B750762B9F1F5E005B24C7 /* Assets.xcassets */ = {isa = PBXFileReference; lastKnownFileType = folder.assetcatalog; path = Assets.xcassets; sourceTree = "<group>"; };
		A3B750792B9F1F5E005B24C7 /* Preview Assets.xcassets */ = {isa = PBXFileReference; lastKnownFileType = folder.assetcatalog; path = "Preview Assets.xcassets"; sourceTree = "<group>"; };
		A3B750802B9F24CC005B24C7 /* Shop.swift */ = {isa = PBXFileReference; lastKnownFileType = sourcecode.swift; path = Shop.swift; sourceTree = "<group>"; };
		A3B750822B9F274F005B24C7 /* Shopitem.swift */ = {isa = PBXFileReference; lastKnownFileType = sourcecode.swift; path = Shopitem.swift; sourceTree = "<group>"; };
		A3B750842B9F2F5D005B24C7 /* Data.swift */ = {isa = PBXFileReference; lastKnownFileType = sourcecode.swift; path = Data.swift; sourceTree = "<group>"; };
		A3BECD2A2BA00E9C00A8E7D8 /* Cart.swift */ = {isa = PBXFileReference; lastKnownFileType = sourcecode.swift; path = Cart.swift; sourceTree = "<group>"; };
/* End PBXFileReference section */

/* Begin PBXFrameworksBuildPhase section */
		A3B7506C2B9F1F5C005B24C7 /* Frameworks */ = {
			isa = PBXFrameworksBuildPhase;
			buildActionMask = 2147483647;
			files = (
			);
			runOnlyForDeploymentPostprocessing = 0;
		};
/* End PBXFrameworksBuildPhase section */

/* Begin PBXGroup section */
		A3B750662B9F1F5C005B24C7 = {
			isa = PBXGroup;
			children = (
				A3B750712B9F1F5C005B24C7 /* Grocery_App */,
				A3B750702B9F1F5C005B24C7 /* Products */,
			);
			sourceTree = "<group>";
		};
		A3B750702B9F1F5C005B24C7 /* Products */ = {
			isa = PBXGroup;
			children = (
				A3B7506F2B9F1F5C005B24C7 /* Grocery_App.app */,
			);
			name = Products;
			sourceTree = "<group>";
		};
		A3B750712B9F1F5C005B24C7 /* Grocery_App */ = {
			isa = PBXGroup;
			children = (
				A3B750722B9F1F5C005B24C7 /* Grocery_AppApp.swift */,
				A3BECD2C2BA031D800A8E7D8 /* View */,
				A3BECD2D2BA0321A00A8E7D8 /* CardView */,
				A3BECD2E2BA0323A00A8E7D8 /* DataModel */,
				A3B750762B9F1F5E005B24C7 /* Assets.xcassets */,
				A3B750782B9F1F5E005B24C7 /* Preview Content */,
			);
			path = Grocery_App;
			sourceTree = "<group>";
		};
		A3B750782B9F1F5E005B24C7 /* Preview Content */ = {
			isa = PBXGroup;
			children = (
				A3B750792B9F1F5E005B24C7 /* Preview Assets.xcassets */,
			);
			path = "Preview Content";
			sourceTree = "<group>";
		};
		A3BECD2C2BA031D800A8E7D8 /* View */ = {
			isa = PBXGroup;
			children = (
				A3B750742B9F1F5C005B24C7 /* ContentView.swift */,
				A3B750802B9F24CC005B24C7 /* Shop.swift */,
				A3BECD2A2BA00E9C00A8E7D8 /* Cart.swift */,
			);
			path = View;
			sourceTree = "<group>";
		};
		A3BECD2D2BA0321A00A8E7D8 /* CardView */ = {
			isa = PBXGroup;
			children = (
				A3B750822B9F274F005B24C7 /* Shopitem.swift */,
			);
			path = CardView;
			sourceTree = "<group>";
		};
		A3BECD2E2BA0323A00A8E7D8 /* DataModel */ = {
			isa = PBXGroup;
			children = (
				A3B750842B9F2F5D005B24C7 /* Data.swift */,
			);
			path = DataModel;
			sourceTree = "<group>";
		};
/* End PBXGroup section */

/* Begin PBXNativeTarget section */
		A3B7506E2B9F1F5C005B24C7 /* Grocery_App */ = {
			isa = PBXNativeTarget;
			buildConfigurationList = A3B7507D2B9F1F5E005B24C7 /* Build configuration list for PBXNativeTarget "Grocery_App" */;
			buildPhases = (
				A3B7506B2B9F1F5C005B24C7 /* Sources */,
				A3B7506C2B9F1F5C005B24C7 /* Frameworks */,
				A3B7506D2B9F1F5C005B24C7 /* Resources */,
			);
			buildRules = (
			);
			dependencies = (
			);
			name = Grocery_App;
			productName = Grocery_App;
			productReference = A3B7506F2B9F1F5C005B24C7 /* Grocery_App.app */;
			productType = "com.apple.product-type.application";
		};
/* End PBXNativeTarget section */

/* Begin PBXProject section */
		A3B750672B9F1F5C005B24C7 /* Project object */ = {
			isa = PBXProject;
			attributes = {
				BuildIndependentTargetsInParallel = 1;
				LastSwiftUpdateCheck = 1310;
				LastUpgradeCheck = 1310;
				TargetAttributes = {
					A3B7506E2B9F1F5C005B24C7 = {
						CreatedOnToolsVersion = 13.1;
					};
				};
			};
			buildConfigurationList = A3B7506A2B9F1F5C005B24C7 /* Build configuration list for PBXProject "Grocery_App" */;
			compatibilityVersion = "Xcode 13.0";
			developmentRegion = en;
			hasScannedForEncodings = 0;
			knownRegions = (
				en,
				Base,
			);
			mainGroup = A3B750662B9F1F5C005B24C7;
			productRefGroup = A3B750702B9F1F5C005B24C7 /* Products */;
			projectDirPath = "";
			projectRoot = "";
			targets = (
				A3B7506E2B9F1F5C005B24C7 /* Grocery_App */,
			);
		};
/* End PBXProject section */

/* Begin PBXResourcesBuildPhase section */
		A3B7506D2B9F1F5C005B24C7 /* Resources */ = {
			isa = PBXResourcesBuildPhase;
			buildActionMask = 2147483647;
			files = (
				A3B7507A2B9F1F5E005B24C7 /* Preview Assets.xcassets in Resources */,
				A3B750772B9F1F5E005B24C7 /* Assets.xcassets in Resources */,
			);
			runOnlyForDeploymentPostprocessing = 0;
		};
/* End PBXResourcesBuildPhase section */

/* Begin PBXSourcesBuildPhase section */
		A3B7506B2B9F1F5C005B24C7 /* Sources */ = {
			isa = PBXSourcesBuildPhase;
			buildActionMask = 2147483647;
			files = (
				A3B750812B9F24CC005B24C7 /* Shop.swift in Sources */,
				A3BECD2B2BA00E9C00A8E7D8 /* Cart.swift in Sources */,
				A3B750852B9F2F5D005B24C7 /* Data.swift in Sources */,
				A3B750752B9F1F5C005B24C7 /* ContentView.swift in Sources */,
				A3B750832B9F274F005B24C7 /* Shopitem.swift in Sources */,
				A3B750732B9F1F5C005B24C7 /* Grocery_AppApp.swift in Sources */,
			);
			runOnlyForDeploymentPostprocessing = 0;
		};
/* End PBXSourcesBuildPhase section */

/* Begin XCBuildConfiguration section */
		A3B7507B2B9F1F5E005B24C7 /* Debug */ = {
			isa = XCBuildConfiguration;
			buildSettings = {
				ALWAYS_SEARCH_USER_PATHS = NO;
				CLANG_ANALYZER_NONNULL = YES;
				CLANG_ANALYZER_NUMBER_OBJECT_CONVERSION = YES_AGGRESSIVE;
				CLANG_CXX_LANGUAGE_STANDARD = "gnu++17";
				CLANG_CXX_LIBRARY = "libc++";
				CLANG_ENABLE_MODULES = YES;
				CLANG_ENABLE_OBJC_ARC = YES;
				CLANG_ENABLE_OBJC_WEAK = YES;
				CLANG_WARN_BLOCK_CAPTURE_AUTORELEASING = YES;
				CLANG_WARN_BOOL_CONVERSION = YES;
				CLANG_WARN_COMMA = YES;
				CLANG_WARN_CONSTANT_CONVERSION = YES;
				CLANG_WARN_DEPRECATED_OBJC_IMPLEMENTATIONS = YES;
				CLANG_WARN_DIRECT_OBJC_ISA_USAGE = YES_ERROR;
				CLANG_WARN_DOCUMENTATION_COMMENTS = YES;
				CLANG_WARN_EMPTY_BODY = YES;
				CLANG_WARN_ENUM_CONVERSION = YES;
				CLANG_WARN_INFINITE_RECURSION = YES;
				CLANG_WARN_INT_CONVERSION = YES;
				CLANG_WARN_NON_LITERAL_NULL_CONVERSION = YES;
				CLANG_WARN_OBJC_IMPLICIT_RETAIN_SELF = YES;
				CLANG_WARN_OBJC_LITERAL_CONVERSION = YES;
				CLANG_WARN_OBJC_ROOT_CLASS = YES_ERROR;
				CLANG_WARN_QUOTED_INCLUDE_IN_FRAMEWORK_HEADER = YES;
				CLANG_WARN_RANGE_LOOP_ANALYSIS = YES;
				CLANG_WARN_STRICT_PROTOTYPES = YES;
				CLANG_WARN_SUSPICIOUS_MOVE = YES;
				CLANG_WARN_UNGUARDED_AVAILABILITY = YES_AGGRESSIVE;
				CLANG_WARN_UNREACHABLE_CODE = YES;
				CLANG_WARN__DUPLICATE_METHOD_MATCH = YES;
				COPY_PHASE_STRIP = NO;
				DEBUG_INFORMATION_FORMAT = dwarf;
				ENABLE_STRICT_OBJC_MSGSEND = YES;
				ENABLE_TESTABILITY = YES;
				GCC_C_LANGUAGE_STANDARD = gnu11;
				GCC_DYNAMIC_NO_PIC = NO;
				GCC_NO_COMMON_BLOCKS = YES;
				GCC_OPTIMIZATION_LEVEL = 0;
				GCC_PREPROCESSOR_DEFINITIONS = (
					"DEBUG=1",
					"$(inherited)",
				);
				GCC_WARN_64_TO_32_BIT_CONVERSION = YES;
				GCC_WARN_ABOUT_RETURN_TYPE = YES_ERROR;
				GCC_WARN_UNDECLARED_SELECTOR = YES;
				GCC_WARN_UNINITIALIZED_AUTOS = YES_AGGRESSIVE;
				GCC_WARN_UNUSED_FUNCTION = YES;
				GCC_WARN_UNUSED_VARIABLE = YES;
				IPHONEOS_DEPLOYMENT_TARGET = 15.0;
				MTL_ENABLE_DEBUG_INFO = INCLUDE_SOURCE;
				MTL_FAST_MATH = YES;
				ONLY_ACTIVE_ARCH = YES;
				SDKROOT = iphoneos;
				SWIFT_ACTIVE_COMPILATION_CONDITIONS = DEBUG;
				SWIFT_OPTIMIZATION_LEVEL = "-Onone";
			};
			name = Debug;
		};
		A3B7507C2B9F1F5E005B24C7 /* Release */ = {
			isa = XCBuildConfiguration;
			buildSettings = {
				ALWAYS_SEARCH_USER_PATHS = NO;
				CLANG_ANALYZER_NONNULL = YES;
				CLANG_ANALYZER_NUMBER_OBJECT_CONVERSION = YES_AGGRESSIVE;
				CLANG_CXX_LANGUAGE_STANDARD = "gnu++17";
				CLANG_CXX_LIBRARY = "libc++";
				CLANG_ENABLE_MODULES = YES;
				CLANG_ENABLE_OBJC_ARC = YES;
				CLANG_ENABLE_OBJC_WEAK = YES;
				CLANG_WARN_BLOCK_CAPTURE_AUTORELEASING = YES;
				CLANG_WARN_BOOL_CONVERSION = YES;
				CLANG_WARN_COMMA = YES;
				CLANG_WARN_CONSTANT_CONVERSION = YES;
				CLANG_WARN_DEPRECATED_OBJC_IMPLEMENTATIONS = YES;
				CLANG_WARN_DIRECT_OBJC_ISA_USAGE = YES_ERROR;
				CLANG_WARN_DOCUMENTATION_COMMENTS = YES;
				CLANG_WARN_EMPTY_BODY = YES;
				CLANG_WARN_ENUM_CONVERSION = YES;
				CLANG_WARN_INFINITE_RECURSION = YES;
				CLANG_WARN_INT_CONVERSION = YES;
				CLANG_WARN_NON_LITERAL_NULL_CONVERSION = YES;
				CLANG_WARN_OBJC_IMPLICIT_RETAIN_SELF = YES;
				CLANG_WARN_OBJC_LITERAL_CONVERSION = YES;
				CLANG_WARN_OBJC_ROOT_CLASS = YES_ERROR;
				CLANG_WARN_QUOTED_INCLUDE_IN_FRAMEWORK_HEADER = YES;
				CLANG_WARN_RANGE_LOOP_ANALYSIS = YES;
				CLANG_WARN_STRICT_PROTOTYPES = YES;
				CLANG_WARN_SUSPICIOUS_MOVE = YES;
				CLANG_WARN_UNGUARDED_AVAILABILITY = YES_AGGRESSIVE;
				CLANG_WARN_UNREACHABLE_CODE = YES;
				CLANG_WARN__DUPLICATE_METHOD_MATCH = YES;
				COPY_PHASE_STRIP = NO;
				DEBUG_INFORMATION_FORMAT = "dwarf-with-dsym";
				ENABLE_NS_ASSERTIONS = NO;
				ENABLE_STRICT_OBJC_MSGSEND = YES;
				GCC_C_LANGUAGE_STANDARD = gnu11;
				GCC_NO_COMMON_BLOCKS = YES;
				GCC_WARN_64_TO_32_BIT_CONVERSION = YES;
				GCC_WARN_ABOUT_RETURN_TYPE = YES_ERROR;
				GCC_WARN_UNDECLARED_SELECTOR = YES;
				GCC_WARN_UNINITIALIZED_AUTOS = YES_AGGRESSIVE;
				GCC_WARN_UNUSED_FUNCTION = YES;
				GCC_WARN_UNUSED_VARIABLE = YES;
				IPHONEOS_DEPLOYMENT_TARGET = 15.0;
				MTL_ENABLE_DEBUG_INFO = NO;
				MTL_FAST_MATH = YES;
				SDKROOT = iphoneos;
				SWIFT_COMPILATION_MODE = wholemodule;
				SWIFT_OPTIMIZATION_LEVEL = "-O";
				VALIDATE_PRODUCT = YES;
			};
			name = Release;
		};
		A3B7507E2B9F1F5E005B24C7 /* Debug */ = {
			isa = XCBuildConfiguration;
			buildSettings = {
				ASSETCATALOG_COMPILER_APPICON_NAME = AppIcon;
				ASSETCATALOG_COMPILER_GLOBAL_ACCENT_COLOR_NAME = AccentColor;
				CODE_SIGN_STYLE = Automatic;
				CURRENT_PROJECT_VERSION = 1;
				DEVELOPMENT_ASSET_PATHS = "\"Grocery_App/Preview Content\"";
				ENABLE_PREVIEWS = YES;
				GENERATE_INFOPLIST_FILE = YES;
				INFOPLIST_KEY_UIApplicationSceneManifest_Generation = YES;
				INFOPLIST_KEY_UIApplicationSupportsIndirectInputEvents = YES;
				INFOPLIST_KEY_UILaunchScreen_Generation = YES;
				INFOPLIST_KEY_UISupportedInterfaceOrientations_iPad = "UIInterfaceOrientationPortrait UIInterfaceOrientationPortraitUpsideDown UIInterfaceOrientationLandscapeLeft UIInterfaceOrientationLandscapeRight";
				INFOPLIST_KEY_UISupportedInterfaceOrientations_iPhone = "UIInterfaceOrientationPortrait UIInterfaceOrientationLandscapeLeft UIInterfaceOrientationLandscapeRight";
				LD_RUNPATH_SEARCH_PATHS = (
					"$(inherited)",
					"@executable_path/Frameworks",
				);
				MARKETING_VERSION = 1.0;
				PRODUCT_BUNDLE_IDENTIFIER = "com.company.Grocery-App";
				PRODUCT_NAME = "$(TARGET_NAME)";
				SWIFT_EMIT_LOC_STRINGS = YES;
				SWIFT_VERSION = 5.0;
				TARGETED_DEVICE_FAMILY = "1,2";
			};
			name = Debug;
		};
		A3B7507F2B9F1F5E005B24C7 /* Release */ = {
			isa = XCBuildConfiguration;
			buildSettings = {
				ASSETCATALOG_COMPILER_APPICON_NAME = AppIcon;
				ASSETCATALOG_COMPILER_GLOBAL_ACCENT_COLOR_NAME = AccentColor;
				CODE_SIGN_STYLE = Automatic;
				CURRENT_PROJECT_VERSION = 1;
				DEVELOPMENT_ASSET_PATHS = "\"Grocery_App/Preview Content\"";
				ENABLE_PREVIEWS = YES;
				GENERATE_INFOPLIST_FILE = YES;
				INFOPLIST_KEY_UIApplicationSceneManifest_Generation = YES;
				INFOPLIST_KEY_UIApplicationSupportsIndirectInputEvents = YES;
				INFOPLIST_KEY_UILaunchScreen_Generation = YES;
				INFOPLIST_KEY_UISupportedInterfaceOrientations_iPad = "UIInterfaceOrientationPortrait UIInterfaceOrientationPortraitUpsideDown UIInterfaceOrientationLandscapeLeft UIInterfaceOrientationLandscapeRight";
				INFOPLIST_KEY_UISupportedInterfaceOrientations_iPhone = "UIInterfaceOrientationPortrait UIInterfaceOrientationLandscapeLeft UIInterfaceOrientationLandscapeRight";
				LD_RUNPATH_SEARCH_PATHS = (
					"$(inherited)",
					"@executable_path/Frameworks",
				);
				MARKETING_VERSION = 1.0;
				PRODUCT_BUNDLE_IDENTIFIER = "com.company.Grocery-App";
				PRODUCT_NAME = "$(TARGET_NAME)";
				SWIFT_EMIT_LOC_STRINGS = YES;
				SWIFT_VERSION = 5.0;
				TARGETED_DEVICE_FAMILY = "1,2";
			};
			name = Release;
		};
/* End XCBuildConfiguration section */

/* Begin XCConfigurationList section */
		A3B7506A2B9F1F5C005B24C7 /* Build configuration list for PBXProject "Grocery_App" */ = {
			isa = XCConfigurationList;
			buildConfigurations = (
				A3B7507B2B9F1F5E005B24C7 /* Debug */,
				A3B7507C2B9F1F5E005B24C7 /* Release */,
			);
			defaultConfigurationIsVisible = 0;
			defaultConfigurationName = Release;
		};
		A3B7507D2B9F1F5E005B24C7 /* Build configuration list for PBXNativeTarget "Grocery_App" */ = {
			isa = XCConfigurationList;
			buildConfigurations = (
				A3B7507E2B9F1F5E005B24C7 /* Debug */,
				A3B7507F2B9F1F5E005B24C7 /* Release */,
			);
			defaultConfigurationIsVisible = 0;
			defaultConfigurationName = Release;
		};
/* End XCConfigurationList section */
	};
	rootObject = A3B750672B9F1F5C005B24C7 /* Project object */;
}
